
Microsoft Visual Studio Solution File, Format Version 12.00
# Visual Studio Version 16
VisualStudioVersion = 16.0.30114.105
MinimumVisualStudioVersion = 10.0.40219.1
Project("{FAE04EC0-301F-11D3-BF4B-00C04F79EFBC}") = "HeartDiseaseInvestigation", "HeartDiseaseInvestigation\HeartDiseaseInvestigation.csproj", "{92E75189-B03A-4FF0-B5D3-869C8B2FC834}"
EndProject
Project("{FAE04EC0-301F-11D3-BF4B-00C04F79EFBC}") = "DecisionTreeTest", "DecisionTreeTest\DecisionTreeTest.csproj", "{2E635F10-16AA-4B53-B894-9CCFC8EBCDFB}"
EndProject
Global
	GlobalSection(SolutionConfigurationPlatforms) = preSolution
		Debug|Any CPU = Debug|Any CPU
		Release|Any CPU = Release|Any CPU
	EndGlobalSection
	GlobalSection(ProjectConfigurationPlatforms) = postSolution
		{92E75189-B03A-4FF0-B5D3-869C8B2FC834}.Debug|Any CPU.ActiveCfg = Debug|Any CPU
		{92E75189-B03A-4FF0-B5D3-869C8B2FC834}.Debug|Any CPU.Build.0 = Debug|Any CPU
		{92E75189-B03A-4FF0-B5D3-869C8B2FC834}.Release|Any CPU.ActiveCfg = Release|Any CPU
		{92E75189-B03A-4FF0-B5D3-869C8B2FC834}.Release|Any CPU.Build.0 = Release|Any CPU
		{2E635F10-16AA-4B53-B894-9CCFC8EBCDFB}.Debug|Any CPU.ActiveCfg = Debug|Any CPU
		{2E635F10-16AA-4B53-B894-9CCFC8EBCDFB}.Debug|Any CPU.Build.0 = Debug|Any CPU
		{2E635F10-16AA-4B53-B894-9CCFC8EBCDFB}.Release|Any CPU.ActiveCfg = Release|Any CPU
		{2E635F10-16AA-4B53-B894-9CCFC8EBCDFB}.Release|Any CPU.Build.0 = Release|Any CPU
	EndGlobalSection
	GlobalSection(SolutionProperties) = preSolution
		HideSolutionNode = FALSE
	EndGlobalSection
	GlobalSection(ExtensibilityGlobals) = postSolution
		SolutionGuid = {CAD6B6CB-FC02-439C-8912-4F5C9407B109}
	EndGlobalSection
EndGlobal
